
Microsoft Visual Studio Solution File, Format Version 12.00
# Visual Studio Version 16
VisualStudioVersion = 16.0.32901.82
MinimumVisualStudioVersion = 10.0.40219.1
Project("{FAE04EC0-301F-11D3-BF4B-00C04F79EFBC}") = "RuznyAlgoritmy", "RuznyAlgoritmy\RuznyAlgoritmy.csproj", "{411FA6FC-4B2B-416F-B218-2D6ADA77036F}"
EndProject
Global
	GlobalSection(SolutionConfigurationPlatforms) = preSolution
		Debug|Any CPU = Debug|Any CPU
		Release|Any CPU = Release|Any CPU
	EndGlobalSection
	GlobalSection(ProjectConfigurationPlatforms) = postSolution
		{411FA6FC-4B2B-416F-B218-2D6ADA77036F}.Debug|Any CPU.ActiveCfg = Debug|Any CPU
		{411FA6FC-4B2B-416F-B218-2D6ADA77036F}.Debug|Any CPU.Build.0 = Debug|Any CPU
		{411FA6FC-4B2B-416F-B218-2D6ADA77036F}.Release|Any CPU.ActiveCfg = Release|Any CPU
		{411FA6FC-4B2B-416F-B218-2D6ADA77036F}.Release|Any CPU.Build.0 = Release|Any CPU
	EndGlobalSection
	GlobalSection(SolutionProperties) = preSolution
		HideSolutionNode = FALSE
	EndGlobalSection
	GlobalSection(ExtensibilityGlobals) = postSolution
		SolutionGuid = {F117FED0-C6D2-479C-B27C-B86769061CCB}
	EndGlobalSection
EndGlobal
